
Microsoft Visual Studio Solution File, Format Version 12.00
# Visual Studio Version 16
VisualStudioVersion = 16.0.31702.278
MinimumVisualStudioVersion = 10.0.40219.1
Project("{9A19103F-16F7-4668-BE54-9A1E7A4F7556}") = "Prosa.DataRepo", "Prosa.DataRepo.csproj", "{43389BA8-2BDF-4725-B12D-6BEC337381FE}"
EndProject
Global
	GlobalSection(SolutionConfigurationPlatforms) = preSolution
		Debug|Any CPU = Debug|Any CPU
		Release|Any CPU = Release|Any CPU
	EndGlobalSection
	GlobalSection(ProjectConfigurationPlatforms) = postSolution
		{43389BA8-2BDF-4725-B12D-6BEC337381FE}.Debug|Any CPU.ActiveCfg = Debug|Any CPU
		{43389BA8-2BDF-4725-B12D-6BEC337381FE}.Debug|Any CPU.Build.0 = Debug|Any CPU
		{43389BA8-2BDF-4725-B12D-6BEC337381FE}.Release|Any CPU.ActiveCfg = Release|Any CPU
		{43389BA8-2BDF-4725-B12D-6BEC337381FE}.Release|Any CPU.Build.0 = Release|Any CPU
	EndGlobalSection
	GlobalSection(SolutionProperties) = preSolution
		HideSolutionNode = FALSE
	EndGlobalSection
	GlobalSection(ExtensibilityGlobals) = postSolution
		SolutionGuid = {64717A82-30B4-478E-BF08-91BAB836DB36}
	EndGlobalSection
EndGlobal
